{
  "version": 4,
  "terraform_version": "1.4.6",
  "serial": 2,
  "lineage": "3c3532ba-fbda-4e74-c144-7f9e7720ea84",
  "outputs": {
    "droplet_ip_address": {
      "value": "188.166.171.159",
      "type": "string"
    }
  },
  "resources": [
    {
      "mode": "data",
      "type": "digitalocean_ssh_key",
      "name": "terraform",
      "provider": "provider[\"registry.terraform.io/digitalocean/digitalocean\"]",
      "instances": [
        {
          "schema_version": 0,
          "attributes": {
            "fingerprint": "bf:1c:38:1d:83:e4:cf:ab:5e:c0:a1:b6:8a:bc:04:a7",
            "id": 36232305,
            "name": "Work",
            "public_key": "ssh-rsa AAAAB3NzaC1yc2EAAAADAQABAAABgQDgbSK19Un9nbVQVPb3p9rg6OEJnTU8LqfBJJ2xvhfC3CACnVuygG+juepOkF3iUbZggufZYk70g9QZwVrDQrrp04dS4U9tFWztni7OV1v/R48CXqadzrr42WNi5l6qywfF/cqjpTaf+Nfj0s/41TYRPJEfc8Ffw1wn4fWM9Z10UppXytrOVRXTpkqrZxB+gLOIERMroZuUOuaOJHPfOvT9X22WahhwbJjQX2UL2DVC+BYN51O/O77C/V8Mvhib0ViC7J2X3wxfByVmAwtAv9xyI/HNTlgV3jU+zNgweOFG9P9LRsEQUs7l0KAYDF3l/HTOnARZ+e4s2KlQvzs7/qrIBGlSK3tCP4+vAzU1fH4ut6fZkxzujdwVrnllHbfby/BlSfl1skc7oKtVwlbmRavf3/YCnEI0exDxeBgIGXpZidQ81CFNI9FxI0+6INAVaxjgCvZpjWoXKn5k7RQTxWg4dD3RyeMIhg+ZO3TrXaMTdVUSbCEw/2uKEI0Walarqis= alexandro.silva@BRRIOLN036534"
          },
          "sensitive_attributes": []
        }
      ]
    },
    {
      "mode": "managed",
      "type": "digitalocean_droplet",
      "name": "webapp",
      "provider": "provider[\"registry.terraform.io/digitalocean/digitalocean\"]",
      "instances": [
        {
          "schema_version": 1,
          "attributes": {
            "backups": false,
            "created_at": "2023-05-26T16:26:20Z",
            "disk": 25,
            "droplet_agent": null,
            "graceful_shutdown": false,
            "id": "357340169",
            "image": "debian-11-x64",
            "ipv4_address": "188.166.171.159",
            "ipv4_address_private": "10.106.0.5",
            "ipv6": false,
            "ipv6_address": "",
            "locked": false,
            "memory": 1024,
            "monitoring": false,
            "name": "webapp",
            "price_hourly": 0.00893,
            "price_monthly": 6,
            "private_networking": true,
            "region": "lon1",
            "resize_disk": true,
            "size": "s-1vcpu-1gb",
            "ssh_keys": [
              "36232305"
            ],
            "status": "active",
            "tags": null,
            "timeouts": null,
            "urn": "do:droplet:357340169",
            "user_data": null,
            "vcpus": 1,
            "volume_ids": [],
            "vpc_uuid": "007d41ad-5141-4ec2-8bc9-e961d2d89365"
          },
          "sensitive_attributes": [],
          "private": "eyJlMmJmYjczMC1lY2FhLTExZTYtOGY4OC0zNDM2M2JjN2M0YzAiOnsiY3JlYXRlIjozNjAwMDAwMDAwMDAwLCJkZWxldGUiOjYwMDAwMDAwMDAwLCJ1cGRhdGUiOjM2MDAwMDAwMDAwMDB9LCJzY2hlbWFfdmVyc2lvbiI6IjEifQ==",
          "dependencies": [
            "data.digitalocean_ssh_key.terraform"
          ]
        }
      ]
    }
  ],
  "check_results": null
}
